// !$*UTF8*$!
{
	archiveVersion = 1;
	classes = {
	};
	objectVersion = 77;
	objects = {

/* Begin PBXBuildFile section */
		CE3636152EE4F4D2002ACB1D /* FeedKit in Frameworks */ = {isa = PBXBuildFile; productRef = CE3636142EE4F4D2002ACB1D /* FeedKit */; };
		CE3636172EE4F4D2002ACB1D /* XMLKit in Frameworks */ = {isa = PBXBuildFile; productRef = CE3636162EE4F4D2002ACB1D /* XMLKit */; };
/* End PBXBuildFile section */

/* Begin PBXContainerItemProxy section */
		CE3635652EE4E8FF002ACB1D /* PBXContainerItemProxy */ = {
			isa = PBXContainerItemProxy;
			containerPortal = CE36354D2EE4E8FE002ACB1D /* Project object */;
			proxyType = 1;
			remoteGlobalIDString = CE3635542EE4E8FE002ACB1D;
			remoteInfo = NCDB;
		};
		CE36356F2EE4E8FF002ACB1D /* PBXContainerItemProxy */ = {
			isa = PBXContainerItemProxy;
			containerPortal = CE36354D2EE4E8FE002ACB1D /* Project object */;
			proxyType = 1;
			remoteGlobalIDString = CE3635542EE4E8FE002ACB1D;
			remoteInfo = NCDB;
		};
/* End PBXContainerItemProxy section */

/* Begin PBXFileReference section */
		CE3635552EE4E8FE002ACB1D /* NCDB.app */ = {isa = PBXFileReference; explicitFileType = wrapper.application; includeInIndex = 0; path = NCDB.app; sourceTree = BUILT_PRODUCTS_DIR; };
		CE3635642EE4E8FF002ACB1D /* NCDBTests.xctest */ = {isa = PBXFileReference; explicitFileType = wrapper.cfbundle; includeInIndex = 0; path = NCDBTests.xctest; sourceTree = BUILT_PRODUCTS_DIR; };
		CE36356E2EE4E8FF002ACB1D /* NCDBUITests.xctest */ = {isa = PBXFileReference; explicitFileType = wrapper.cfbundle; includeInIndex = 0; path = NCDBUITests.xctest; sourceTree = BUILT_PRODUCTS_DIR; };
/* End PBXFileReference section */

/* Begin PBXFileSystemSynchronizedRootGroup section */
		CE3635572EE4E8FE002ACB1D /* NCDB */ = {
			isa = PBXFileSystemSynchronizedRootGroup;
			path = NCDB;
			sourceTree = "<group>";
		};
		CE3635672EE4E8FF002ACB1D /* NCDBTests */ = {
			isa = PBXFileSystemSynchronizedRootGroup;
			path = NCDBTests;
			sourceTree = "<group>";
		};
		CE3635712EE4E8FF002ACB1D /* NCDBUITests */ = {
			isa = PBXFileSystemSynchronizedRootGroup;
			path = NCDBUITests;
			sourceTree = "<group>";
		};
/* End PBXFileSystemSynchronizedRootGroup section */

/* Begin PBXFrameworksBuildPhase section */
		CE3635522EE4E8FE002ACB1D /* Frameworks */ = {
			isa = PBXFrameworksBuildPhase;
			buildActionMask = 2147483647;
			files = (
				CE3636152EE4F4D2002ACB1D /* FeedKit in Frameworks */,
				CE3636172EE4F4D2002ACB1D /* XMLKit in Frameworks */,
			);
			runOnlyForDeploymentPostprocessing = 0;
		};
		CE3635612EE4E8FF002ACB1D /* Frameworks */ = {
			isa = PBXFrameworksBuildPhase;
			buildActionMask = 2147483647;
			files = (
			);
			runOnlyForDeploymentPostprocessing = 0;
		};
		CE36356B2EE4E8FF002ACB1D /* Frameworks */ = {
			isa = PBXFrameworksBuildPhase;
			buildActionMask = 2147483647;
			files = (
			);
			runOnlyForDeploymentPostprocessing = 0;
		};
/* End PBXFrameworksBuildPhase section */

/* Begin PBXGroup section */
		CE36354C2EE4E8FE002ACB1D = {
			isa = PBXGroup;
			children = (
				CE3635572EE4E8FE002ACB1D /* NCDB */,
				CE3635672EE4E8FF002ACB1D /* NCDBTests */,
				CE3635712EE4E8FF002ACB1D /* NCDBUITests */,
				CE3635562EE4E8FE002ACB1D /* Products */,
			);
			sourceTree = "<group>";
		};
		CE3635562EE4E8FE002ACB1D /* Products */ = {
			isa = PBXGroup;
			children = (
				CE3635552EE4E8FE002ACB1D /* NCDB.app */,
				CE3635642EE4E8FF002ACB1D /* NCDBTests.xctest */,
				CE36356E2EE4E8FF002ACB1D /* NCDBUITests.xctest */,
			);
			name = Products;
			sourceTree = "<group>";
		};
/* End PBXGroup section */

/* Begin PBXNativeTarget section */
		CE3635542EE4E8FE002ACB1D /* NCDB */ = {
			isa = PBXNativeTarget;
			buildConfigurationList = CE3635782EE4E8FF002ACB1D /* Build configuration list for PBXNativeTarget "NCDB" */;
			buildPhases = (
				CE3635512EE4E8FE002ACB1D /* Sources */,
				CE3635522EE4E8FE002ACB1D /* Frameworks */,
				CE3635532EE4E8FE002ACB1D /* Resources */,
			);
			buildRules = (
			);
			dependencies = (
			);
			fileSystemSynchronizedGroups = (
				CE3635572EE4E8FE002ACB1D /* NCDB */,
			);
			name = NCDB;
			packageProductDependencies = (
				CE3636142EE4F4D2002ACB1D /* FeedKit */,
				CE3636162EE4F4D2002ACB1D /* XMLKit */,
			);
			productName = NCDB;
			productReference = CE3635552EE4E8FE002ACB1D /* NCDB.app */;
			productType = "com.apple.product-type.application";
		};
		CE3635632EE4E8FF002ACB1D /* NCDBTests */ = {
			isa = PBXNativeTarget;
			buildConfigurationList = CE36357B2EE4E8FF002ACB1D /* Build configuration list for PBXNativeTarget "NCDBTests" */;
			buildPhases = (
				CE3635602EE4E8FF002ACB1D /* Sources */,
				CE3635612EE4E8FF002ACB1D /* Frameworks */,
				CE3635622EE4E8FF002ACB1D /* Resources */,
			);
			buildRules = (
			);
			dependencies = (
				CE3635662EE4E8FF002ACB1D /* PBXTargetDependency */,
			);
			fileSystemSynchronizedGroups = (
				CE3635672EE4E8FF002ACB1D /* NCDBTests */,
			);
			name = NCDBTests;
			packageProductDependencies = (
			);
			productName = NCDBTests;
			productReference = CE3635642EE4E8FF002ACB1D /* NCDBTests.xctest */;
			productType = "com.apple.product-type.bundle.unit-test";
		};
		CE36356D2EE4E8FF002ACB1D /* NCDBUITests */ = {
			isa = PBXNativeTarget;
			buildConfigurationList = CE36357E2EE4E8FF002ACB1D /* Build configuration list for PBXNativeTarget "NCDBUITests" */;
			buildPhases = (
				CE36356A2EE4E8FF002ACB1D /* Sources */,
				CE36356B2EE4E8FF002ACB1D /* Frameworks */,
				CE36356C2EE4E8FF002ACB1D /* Resources */,
			);
			buildRules = (
			);
			dependencies = (
				CE3635702EE4E8FF002ACB1D /* PBXTargetDependency */,
			);
			fileSystemSynchronizedGroups = (
				CE3635712EE4E8FF002ACB1D /* NCDBUITests */,
			);
			name = NCDBUITests;
			packageProductDependencies = (
			);
			productName = NCDBUITests;
			productReference = CE36356E2EE4E8FF002ACB1D /* NCDBUITests.xctest */;
			productType = "com.apple.product-type.bundle.ui-testing";
		};
/* End PBXNativeTarget section */

/* Begin PBXProject section */
		CE36354D2EE4E8FE002ACB1D /* Project object */ = {
			isa = PBXProject;
			attributes = {
				BuildIndependentTargetsInParallel = 1;
				LastSwiftUpdateCheck = 2610;
				LastUpgradeCheck = 2610;
				TargetAttributes = {
					CE3635542EE4E8FE002ACB1D = {
						CreatedOnToolsVersion = 26.1.1;
					};
					CE3635632EE4E8FF002ACB1D = {
						CreatedOnToolsVersion = 26.1.1;
						TestTargetID = CE3635542EE4E8FE002ACB1D;
					};
					CE36356D2EE4E8FF002ACB1D = {
						CreatedOnToolsVersion = 26.1.1;
						TestTargetID = CE3635542EE4E8FE002ACB1D;
					};
				};
			};
			buildConfigurationList = CE3635502EE4E8FE002ACB1D /* Build configuration list for PBXProject "NCDB" */;
			developmentRegion = en;
			hasScannedForEncodings = 0;
			knownRegions = (
				en,
				Base,
			);
			mainGroup = CE36354C2EE4E8FE002ACB1D;
			minimizedProjectReferenceProxies = 1;
			packageReferences = (
				CE3636132EE4F4D2002ACB1D /* XCRemoteSwiftPackageReference "FeedKit" */,
			);
			preferredProjectObjectVersion = 77;
			productRefGroup = CE3635562EE4E8FE002ACB1D /* Products */;
			projectDirPath = "";
			projectRoot = "";
			targets = (
				CE3635542EE4E8FE002ACB1D /* NCDB */,
				CE3635632EE4E8FF002ACB1D /* NCDBTests */,
				CE36356D2EE4E8FF002ACB1D /* NCDBUITests */,
			);
		};
/* End PBXProject section */

/* Begin PBXResourcesBuildPhase section */
		CE3635532EE4E8FE002ACB1D /* Resources */ = {
			isa = PBXResourcesBuildPhase;
			buildActionMask = 2147483647;
			files = (
			);
			runOnlyForDeploymentPostprocessing = 0;
		};
		CE3635622EE4E8FF002ACB1D /* Resources */ = {
			isa = PBXResourcesBuildPhase;
			buildActionMask = 2147483647;
			files = (
			);
			runOnlyForDeploymentPostprocessing = 0;
		};
		CE36356C2EE4E8FF002ACB1D /* Resources */ = {
			isa = PBXResourcesBuildPhase;
			buildActionMask = 2147483647;
			files = (
			);
			runOnlyForDeploymentPostprocessing = 0;
		};
/* End PBXResourcesBuildPhase section */

/* Begin PBXSourcesBuildPhase section */
		CE3635512EE4E8FE002ACB1D /* Sources */ = {
			isa = PBXSourcesBuildPhase;
			buildActionMask = 2147483647;
			files = (
			);
			runOnlyForDeploymentPostprocessing = 0;
		};
		CE3635602EE4E8FF002ACB1D /* Sources */ = {
			isa = PBXSourcesBuildPhase;
			buildActionMask = 2147483647;
			files = (
			);
			runOnlyForDeploymentPostprocessing = 0;
		};
		CE36356A2EE4E8FF002ACB1D /* Sources */ = {
			isa = PBXSourcesBuildPhase;
			buildActionMask = 2147483647;
			files = (
			);
			runOnlyForDeploymentPostprocessing = 0;
		};
/* End PBXSourcesBuildPhase section */

/* Begin PBXTargetDependency section */
		CE3635662EE4E8FF002ACB1D /* PBXTargetDependency */ = {
			isa = PBXTargetDependency;
			target = CE3635542EE4E8FE002ACB1D /* NCDB */;
			targetProxy = CE3635652EE4E8FF002ACB1D /* PBXContainerItemProxy */;
		};
		CE3635702EE4E8FF002ACB1D /* PBXTargetDependency */ = {
			isa = PBXTargetDependency;
			target = CE3635542EE4E8FE002ACB1D /* NCDB */;
			targetProxy = CE36356F2EE4E8FF002ACB1D /* PBXContainerItemProxy */;
		};
/* End PBXTargetDependency section */

/* Begin XCBuildConfiguration section */
		CE3635762EE4E8FF002ACB1D /* Debug */ = {
			isa = XCBuildConfiguration;
			buildSettings = {
				ALWAYS_SEARCH_USER_PATHS = NO;
				ASSETCATALOG_COMPILER_GENERATE_SWIFT_ASSET_SYMBOL_EXTENSIONS = YES;
				CLANG_ANALYZER_NONNULL = YES;
				CLANG_ANALYZER_NUMBER_OBJECT_CONVERSION = YES_AGGRESSIVE;
				CLANG_CXX_LANGUAGE_STANDARD = "gnu++20";
				CLANG_ENABLE_MODULES = YES;
				CLANG_ENABLE_OBJC_ARC = YES;
				CLANG_ENABLE_OBJC_WEAK = YES;
				CLANG_WARN_BLOCK_CAPTURE_AUTORELEASING = YES;
				CLANG_WARN_BOOL_CONVERSION = YES;
				CLANG_WARN_COMMA = YES;
				CLANG_WARN_CONSTANT_CONVERSION = YES;
				CLANG_WARN_DEPRECATED_OBJC_IMPLEMENTATIONS = YES;
				CLANG_WARN_DIRECT_OBJC_ISA_USAGE = YES_ERROR;
				CLANG_WARN_DOCUMENTATION_COMMENTS = YES;
				CLANG_WARN_EMPTY_BODY = YES;
				CLANG_WARN_ENUM_CONVERSION = YES;
				CLANG_WARN_INFINITE_RECURSION = YES;
				CLANG_WARN_INT_CONVERSION = YES;
				CLANG_WARN_NON_LITERAL_NULL_CONVERSION = YES;
				CLANG_WARN_OBJC_IMPLICIT_RETAIN_SELF = YES;
				CLANG_WARN_OBJC_LITERAL_CONVERSION = YES;
				CLANG_WARN_OBJC_ROOT_CLASS = YES_ERROR;
				CLANG_WARN_QUOTED_INCLUDE_IN_FRAMEWORK_HEADER = YES;
				CLANG_WARN_RANGE_LOOP_ANALYSIS = YES;
				CLANG_WARN_STRICT_PROTOTYPES = YES;
				CLANG_WARN_SUSPICIOUS_MOVE = YES;
				CLANG_WARN_UNGUARDED_AVAILABILITY = YES_AGGRESSIVE;
				CLANG_WARN_UNREACHABLE_CODE = YES;
				CLANG_WARN__DUPLICATE_METHOD_MATCH = YES;
				COPY_PHASE_STRIP = NO;
				DEBUG_INFORMATION_FORMAT = dwarf;
				DEVELOPMENT_TEAM = 46FNB762FS;
				ENABLE_STRICT_OBJC_MSGSEND = YES;
				ENABLE_TESTABILITY = YES;
				ENABLE_USER_SCRIPT_SANDBOXING = YES;
				GCC_C_LANGUAGE_STANDARD = gnu17;
				GCC_DYNAMIC_NO_PIC = NO;
				GCC_NO_COMMON_BLOCKS = YES;
				GCC_OPTIMIZATION_LEVEL = 0;
				GCC_PREPROCESSOR_DEFINITIONS = (
					"DEBUG=1",
					"$(inherited)",
				);
				GCC_WARN_64_TO_32_BIT_CONVERSION = YES;
				GCC_WARN_ABOUT_RETURN_TYPE = YES_ERROR;
				GCC_WARN_UNDECLARED_SELECTOR = YES;
				GCC_WARN_UNINITIALIZED_AUTOS = YES_AGGRESSIVE;
				GCC_WARN_UNUSED_FUNCTION = YES;
				GCC_WARN_UNUSED_VARIABLE = YES;
				IPHONEOS_DEPLOYMENT_TARGET = 26.1;
				LOCALIZATION_PREFERS_STRING_CATALOGS = YES;
				MTL_ENABLE_DEBUG_INFO = INCLUDE_SOURCE;
				MTL_FAST_MATH = YES;
				ONLY_ACTIVE_ARCH = YES;
				SDKROOT = iphoneos;
				SWIFT_ACTIVE_COMPILATION_CONDITIONS = "DEBUG $(inherited)";
				SWIFT_OPTIMIZATION_LEVEL = "-Onone";
			};
			name = Debug;
		};
		CE3635772EE4E8FF002ACB1D /* Release */ = {
			isa = XCBuildConfiguration;
			buildSettings = {
				ALWAYS_SEARCH_USER_PATHS = NO;
				ASSETCATALOG_COMPILER_GENERATE_SWIFT_ASSET_SYMBOL_EXTENSIONS = YES;
				CLANG_ANALYZER_NONNULL = YES;
				CLANG_ANALYZER_NUMBER_OBJECT_CONVERSION = YES_AGGRESSIVE;
				CLANG_CXX_LANGUAGE_STANDARD = "gnu++20";
				CLANG_ENABLE_MODULES = YES;
				CLANG_ENABLE_OBJC_ARC = YES;
				CLANG_ENABLE_OBJC_WEAK = YES;
				CLANG_WARN_BLOCK_CAPTURE_AUTORELEASING = YES;
				CLANG_WARN_BOOL_CONVERSION = YES;
				CLANG_WARN_COMMA = YES;
				CLANG_WARN_CONSTANT_CONVERSION = YES;
				CLANG_WARN_DEPRECATED_OBJC_IMPLEMENTATIONS = YES;
				CLANG_WARN_DIRECT_OBJC_ISA_USAGE = YES_ERROR;
				CLANG_WARN_DOCUMENTATION_COMMENTS = YES;
				CLANG_WARN_EMPTY_BODY = YES;
				CLANG_WARN_ENUM_CONVERSION = YES;
				CLANG_WARN_INFINITE_RECURSION = YES;
				CLANG_WARN_INT_CONVERSION = YES;
				CLANG_WARN_NON_LITERAL_NULL_CONVERSION = YES;
				CLANG_WARN_OBJC_IMPLICIT_RETAIN_SELF = YES;
				CLANG_WARN_OBJC_LITERAL_CONVERSION = YES;
				CLANG_WARN_OBJC_ROOT_CLASS = YES_ERROR;
				CLANG_WARN_QUOTED_INCLUDE_IN_FRAMEWORK_HEADER = YES;
				CLANG_WARN_RANGE_LOOP_ANALYSIS = YES;
				CLANG_WARN_STRICT_PROTOTYPES = YES;
				CLANG_WARN_SUSPICIOUS_MOVE = YES;
				CLANG_WARN_UNGUARDED_AVAILABILITY = YES_AGGRESSIVE;
				CLANG_WARN_UNREACHABLE_CODE = YES;
				CLANG_WARN__DUPLICATE_METHOD_MATCH = YES;
				COPY_PHASE_STRIP = NO;
				DEBUG_INFORMATION_FORMAT = "dwarf-with-dsym";
				DEVELOPMENT_TEAM = 46FNB762FS;
				ENABLE_NS_ASSERTIONS = NO;
				ENABLE_STRICT_OBJC_MSGSEND = YES;
				ENABLE_USER_SCRIPT_SANDBOXING = YES;
				GCC_C_LANGUAGE_STANDARD = gnu17;
				GCC_NO_COMMON_BLOCKS = YES;
				GCC_WARN_64_TO_32_BIT_CONVERSION = YES;
				GCC_WARN_ABOUT_RETURN_TYPE = YES_ERROR;
				GCC_WARN_UNDECLARED_SELECTOR = YES;
				GCC_WARN_UNINITIALIZED_AUTOS = YES_AGGRESSIVE;
				GCC_WARN_UNUSED_FUNCTION = YES;
				GCC_WARN_UNUSED_VARIABLE = YES;
				IPHONEOS_DEPLOYMENT_TARGET = 26.1;
				LOCALIZATION_PREFERS_STRING_CATALOGS = YES;
				MTL_ENABLE_DEBUG_INFO = NO;
				MTL_FAST_MATH = YES;
				SDKROOT = iphoneos;
				SWIFT_COMPILATION_MODE = wholemodule;
				VALIDATE_PRODUCT = YES;
			};
			name = Release;
		};
		CE3635792EE4E8FF002ACB1D /* Debug */ = {
			isa = XCBuildConfiguration;
			buildSettings = {
				ASSETCATALOG_COMPILER_APPICON_NAME = AppIcon;
				ASSETCATALOG_COMPILER_GLOBAL_ACCENT_COLOR_NAME = AccentColor;
				CODE_SIGN_STYLE = Automatic;
				CURRENT_PROJECT_VERSION = 1;
				DEVELOPMENT_TEAM = 46FNB762FS;
				ENABLE_PREVIEWS = YES;
				GENERATE_INFOPLIST_FILE = YES;
				INFOPLIST_KEY_UIApplicationSceneManifest_Generation = YES;
				INFOPLIST_KEY_UIApplicationSupportsIndirectInputEvents = YES;
				INFOPLIST_KEY_UILaunchScreen_Generation = YES;
				INFOPLIST_KEY_UISupportedInterfaceOrientations_iPad = "UIInterfaceOrientationPortrait UIInterfaceOrientationPortraitUpsideDown UIInterfaceOrientationLandscapeLeft UIInterfaceOrientationLandscapeRight";
				INFOPLIST_KEY_UISupportedInterfaceOrientations_iPhone = "UIInterfaceOrientationPortrait UIInterfaceOrientationLandscapeLeft UIInterfaceOrientationLandscapeRight";
				LD_RUNPATH_SEARCH_PATHS = (
					"$(inherited)",
					"@executable_path/Frameworks",
				);
				MARKETING_VERSION = 1.0;
				PRODUCT_BUNDLE_IDENTIFIER = "illitrate-Publicashions.NCDB";
				PRODUCT_NAME = "$(TARGET_NAME)";
				STRING_CATALOG_GENERATE_SYMBOLS = YES;
				SWIFT_APPROACHABLE_CONCURRENCY = YES;
				SWIFT_DEFAULT_ACTOR_ISOLATION = MainActor;
				SWIFT_EMIT_LOC_STRINGS = YES;
				SWIFT_UPCOMING_FEATURE_MEMBER_IMPORT_VISIBILITY = YES;
				SWIFT_VERSION = 5.0;
				TARGETED_DEVICE_FAMILY = "1,2";
			};
			name = Debug;
		};
		CE36357A2EE4E8FF002ACB1D /* Release */ = {
			isa = XCBuildConfiguration;
			buildSettings = {
				ASSETCATALOG_COMPILER_APPICON_NAME = AppIcon;
				ASSETCATALOG_COMPILER_GLOBAL_ACCENT_COLOR_NAME = AccentColor;
				CODE_SIGN_STYLE = Automatic;
				CURRENT_PROJECT_VERSION = 1;
				DEVELOPMENT_TEAM = 46FNB762FS;
				ENABLE_PREVIEWS = YES;
				GENERATE_INFOPLIST_FILE = YES;
				INFOPLIST_KEY_UIApplicationSceneManifest_Generation = YES;
				INFOPLIST_KEY_UIApplicationSupportsIndirectInputEvents = YES;
				INFOPLIST_KEY_UILaunchScreen_Generation = YES;
				INFOPLIST_KEY_UISupportedInterfaceOrientations_iPad = "UIInterfaceOrientationPortrait UIInterfaceOrientationPortraitUpsideDown UIInterfaceOrientationLandscapeLeft UIInterfaceOrientationLandscapeRight";
				INFOPLIST_KEY_UISupportedInterfaceOrientations_iPhone = "UIInterfaceOrientationPortrait UIInterfaceOrientationLandscapeLeft UIInterfaceOrientationLandscapeRight";
				LD_RUNPATH_SEARCH_PATHS = (
					"$(inherited)",
					"@executable_path/Frameworks",
				);
				MARKETING_VERSION = 1.0;
				PRODUCT_BUNDLE_IDENTIFIER = "illitrate-Publicashions.NCDB";
				PRODUCT_NAME = "$(TARGET_NAME)";
				STRING_CATALOG_GENERATE_SYMBOLS = YES;
				SWIFT_APPROACHABLE_CONCURRENCY = YES;
				SWIFT_DEFAULT_ACTOR_ISOLATION = MainActor;
				SWIFT_EMIT_LOC_STRINGS = YES;
				SWIFT_UPCOMING_FEATURE_MEMBER_IMPORT_VISIBILITY = YES;
				SWIFT_VERSION = 5.0;
				TARGETED_DEVICE_FAMILY = "1,2";
			};
			name = Release;
		};
		CE36357C2EE4E8FF002ACB1D /* Debug */ = {
			isa = XCBuildConfiguration;
			buildSettings = {
				BUNDLE_LOADER = "$(TEST_HOST)";
				CODE_SIGN_STYLE = Automatic;
				CURRENT_PROJECT_VERSION = 1;
				DEVELOPMENT_TEAM = 46FNB762FS;
				GENERATE_INFOPLIST_FILE = YES;
				IPHONEOS_DEPLOYMENT_TARGET = 26.1;
				MARKETING_VERSION = 1.0;
				PRODUCT_BUNDLE_IDENTIFIER = "illitrate-Publicashions.NCDBTests";
				PRODUCT_NAME = "$(TARGET_NAME)";
				STRING_CATALOG_GENERATE_SYMBOLS = NO;
				SWIFT_APPROACHABLE_CONCURRENCY = YES;
				SWIFT_EMIT_LOC_STRINGS = NO;
				SWIFT_UPCOMING_FEATURE_MEMBER_IMPORT_VISIBILITY = YES;
				SWIFT_VERSION = 5.0;
				TARGETED_DEVICE_FAMILY = "1,2";
				TEST_HOST = "$(BUILT_PRODUCTS_DIR)/NCDB.app/$(BUNDLE_EXECUTABLE_FOLDER_PATH)/NCDB";
			};
			name = Debug;
		};
		CE36357D2EE4E8FF002ACB1D /* Release */ = {
			isa = XCBuildConfiguration;
			buildSettings = {
				BUNDLE_LOADER = "$(TEST_HOST)";
				CODE_SIGN_STYLE = Automatic;
				CURRENT_PROJECT_VERSION = 1;
				DEVELOPMENT_TEAM = 46FNB762FS;
				GENERATE_INFOPLIST_FILE = YES;
				IPHONEOS_DEPLOYMENT_TARGET = 26.1;
				MARKETING_VERSION = 1.0;
				PRODUCT_BUNDLE_IDENTIFIER = "illitrate-Publicashions.NCDBTests";
				PRODUCT_NAME = "$(TARGET_NAME)";
				STRING_CATALOG_GENERATE_SYMBOLS = NO;
				SWIFT_APPROACHABLE_CONCURRENCY = YES;
				SWIFT_EMIT_LOC_STRINGS = NO;
				SWIFT_UPCOMING_FEATURE_MEMBER_IMPORT_VISIBILITY = YES;
				SWIFT_VERSION = 5.0;
				TARGETED_DEVICE_FAMILY = "1,2";
				TEST_HOST = "$(BUILT_PRODUCTS_DIR)/NCDB.app/$(BUNDLE_EXECUTABLE_FOLDER_PATH)/NCDB";
			};
			name = Release;
		};
		CE36357F2EE4E8FF002ACB1D /* Debug */ = {
			isa = XCBuildConfiguration;
			buildSettings = {
				CODE_SIGN_STYLE = Automatic;
				CURRENT_PROJECT_VERSION = 1;
				DEVELOPMENT_TEAM = 46FNB762FS;
				GENERATE_INFOPLIST_FILE = YES;
				MARKETING_VERSION = 1.0;
				PRODUCT_BUNDLE_IDENTIFIER = "illitrate-Publicashions.NCDBUITests";
				PRODUCT_NAME = "$(TARGET_NAME)";
				STRING_CATALOG_GENERATE_SYMBOLS = NO;
				SWIFT_APPROACHABLE_CONCURRENCY = YES;
				SWIFT_EMIT_LOC_STRINGS = NO;
				SWIFT_UPCOMING_FEATURE_MEMBER_IMPORT_VISIBILITY = YES;
				SWIFT_VERSION = 5.0;
				TARGETED_DEVICE_FAMILY = "1,2";
				TEST_TARGET_NAME = NCDB;
			};
			name = Debug;
		};
		CE3635802EE4E8FF002ACB1D /* Release */ = {
			isa = XCBuildConfiguration;
			buildSettings = {
				CODE_SIGN_STYLE = Automatic;
				CURRENT_PROJECT_VERSION = 1;
				DEVELOPMENT_TEAM = 46FNB762FS;
				GENERATE_INFOPLIST_FILE = YES;
				MARKETING_VERSION = 1.0;
				PRODUCT_BUNDLE_IDENTIFIER = "illitrate-Publicashions.NCDBUITests";
				PRODUCT_NAME = "$(TARGET_NAME)";
				STRING_CATALOG_GENERATE_SYMBOLS = NO;
				SWIFT_APPROACHABLE_CONCURRENCY = YES;
				SWIFT_EMIT_LOC_STRINGS = NO;
				SWIFT_UPCOMING_FEATURE_MEMBER_IMPORT_VISIBILITY = YES;
				SWIFT_VERSION = 5.0;
				TARGETED_DEVICE_FAMILY = "1,2";
				TEST_TARGET_NAME = NCDB;
			};
			name = Release;
		};
/* End XCBuildConfiguration section */

/* Begin XCConfigurationList section */
		CE3635502EE4E8FE002ACB1D /* Build configuration list for PBXProject "NCDB" */ = {
			isa = XCConfigurationList;
			buildConfigurations = (
				CE3635762EE4E8FF002ACB1D /* Debug */,
				CE3635772EE4E8FF002ACB1D /* Release */,
			);
			defaultConfigurationIsVisible = 0;
			defaultConfigurationName = Release;
		};
		CE3635782EE4E8FF002ACB1D /* Build configuration list for PBXNativeTarget "NCDB" */ = {
			isa = XCConfigurationList;
			buildConfigurations = (
				CE3635792EE4E8FF002ACB1D /* Debug */,
				CE36357A2EE4E8FF002ACB1D /* Release */,
			);
			defaultConfigurationIsVisible = 0;
			defaultConfigurationName = Release;
		};
		CE36357B2EE4E8FF002ACB1D /* Build configuration list for PBXNativeTarget "NCDBTests" */ = {
			isa = XCConfigurationList;
			buildConfigurations = (
				CE36357C2EE4E8FF002ACB1D /* Debug */,
				CE36357D2EE4E8FF002ACB1D /* Release */,
			);
			defaultConfigurationIsVisible = 0;
			defaultConfigurationName = Release;
		};
		CE36357E2EE4E8FF002ACB1D /* Build configuration list for PBXNativeTarget "NCDBUITests" */ = {
			isa = XCConfigurationList;
			buildConfigurations = (
				CE36357F2EE4E8FF002ACB1D /* Debug */,
				CE3635802EE4E8FF002ACB1D /* Release */,
			);
			defaultConfigurationIsVisible = 0;
			defaultConfigurationName = Release;
		};
/* End XCConfigurationList section */

/* Begin XCRemoteSwiftPackageReference section */
		CE3636132EE4F4D2002ACB1D /* XCRemoteSwiftPackageReference "FeedKit" */ = {
			isa = XCRemoteSwiftPackageReference;
			repositoryURL = "https://github.com/nmdias/FeedKit.git";
			requirement = {
				kind = upToNextMajorVersion;
				minimumVersion = 10.1.3;
			};
		};
/* End XCRemoteSwiftPackageReference section */

/* Begin XCSwiftPackageProductDependency section */
		CE3636142EE4F4D2002ACB1D /* FeedKit */ = {
			isa = XCSwiftPackageProductDependency;
			package = CE3636132EE4F4D2002ACB1D /* XCRemoteSwiftPackageReference "FeedKit" */;
			productName = FeedKit;
		};
		CE3636162EE4F4D2002ACB1D /* XMLKit */ = {
			isa = XCSwiftPackageProductDependency;
			package = CE3636132EE4F4D2002ACB1D /* XCRemoteSwiftPackageReference "FeedKit" */;
			productName = XMLKit;
		};
/* End XCSwiftPackageProductDependency section */
	};
	rootObject = CE36354D2EE4E8FE002ACB1D /* Project object */;
}
